
Microsoft Visual Studio Solution File, Format Version 12.00
# Visual Studio Version 16
VisualStudioVersion = 16.0.810.6
MinimumVisualStudioVersion = 10.0.40219.1
Project("{FAE04EC0-301F-11D3-BF4B-00C04F79EFBC}") = "todo-list-blazor", "todo-list-blazor\todo-list-blazor.csproj", "{DC421F5E-2177-48D1-9693-76E355F3F23B}"
EndProject
Global
	GlobalSection(SolutionConfigurationPlatforms) = preSolution
		Debug|Any CPU = Debug|Any CPU
		Release|Any CPU = Release|Any CPU
	EndGlobalSection
	GlobalSection(ProjectConfigurationPlatforms) = postSolution
		{DC421F5E-2177-48D1-9693-76E355F3F23B}.Debug|Any CPU.ActiveCfg = Debug|Any CPU
		{DC421F5E-2177-48D1-9693-76E355F3F23B}.Debug|Any CPU.Build.0 = Debug|Any CPU
		{DC421F5E-2177-48D1-9693-76E355F3F23B}.Release|Any CPU.ActiveCfg = Release|Any CPU
		{DC421F5E-2177-48D1-9693-76E355F3F23B}.Release|Any CPU.Build.0 = Release|Any CPU
	EndGlobalSection
	GlobalSection(SolutionProperties) = preSolution
		HideSolutionNode = FALSE
	EndGlobalSection
	GlobalSection(ExtensibilityGlobals) = postSolution
		SolutionGuid = {0D622EF2-7FE1-4004-BE86-4533C59D40BF}
	EndGlobalSection
EndGlobal
